
Microsoft Visual Studio Solution File, Format Version 12.00
# Visual Studio 15
VisualStudioVersion = 15.0.28307.136
MinimumVisualStudioVersion = 10.0.40219.1
Project("{FAE04EC0-301F-11D3-BF4B-00C04F79EFBC}") = "Atividade6", "Atividade6\Atividade6.csproj", "{6A4D62F5-F6A0-4973-92AF-4B27D0F3E19A}"
EndProject
Global
	GlobalSection(SolutionConfigurationPlatforms) = preSolution
		Debug|Any CPU = Debug|Any CPU
		Release|Any CPU = Release|Any CPU
	EndGlobalSection
	GlobalSection(ProjectConfigurationPlatforms) = postSolution
		{6A4D62F5-F6A0-4973-92AF-4B27D0F3E19A}.Debug|Any CPU.ActiveCfg = Debug|Any CPU
		{6A4D62F5-F6A0-4973-92AF-4B27D0F3E19A}.Debug|Any CPU.Build.0 = Debug|Any CPU
		{6A4D62F5-F6A0-4973-92AF-4B27D0F3E19A}.Release|Any CPU.ActiveCfg = Release|Any CPU
		{6A4D62F5-F6A0-4973-92AF-4B27D0F3E19A}.Release|Any CPU.Build.0 = Release|Any CPU
	EndGlobalSection
	GlobalSection(SolutionProperties) = preSolution
		HideSolutionNode = FALSE
	EndGlobalSection
	GlobalSection(ExtensibilityGlobals) = postSolution
		SolutionGuid = {1FDE7249-14FF-4062-B119-8BB2B2304A45}
	EndGlobalSection
EndGlobal
