
Microsoft Visual Studio Solution File, Format Version 12.00
# Visual Studio 15
VisualStudioVersion = 15.0.28307.136
MinimumVisualStudioVersion = 10.0.40219.1
Project("{FAE04EC0-301F-11D3-BF4B-00C04F79EFBC}") = "PSalLiquido", "PSalLiquido\PSalLiquido.csproj", "{657B8A25-ADA0-4E62-ADE1-126063159E88}"
EndProject
Global
	GlobalSection(SolutionConfigurationPlatforms) = preSolution
		Debug|Any CPU = Debug|Any CPU
		Release|Any CPU = Release|Any CPU
	EndGlobalSection
	GlobalSection(ProjectConfigurationPlatforms) = postSolution
		{657B8A25-ADA0-4E62-ADE1-126063159E88}.Debug|Any CPU.ActiveCfg = Debug|Any CPU
		{657B8A25-ADA0-4E62-ADE1-126063159E88}.Debug|Any CPU.Build.0 = Debug|Any CPU
		{657B8A25-ADA0-4E62-ADE1-126063159E88}.Release|Any CPU.ActiveCfg = Release|Any CPU
		{657B8A25-ADA0-4E62-ADE1-126063159E88}.Release|Any CPU.Build.0 = Release|Any CPU
	EndGlobalSection
	GlobalSection(SolutionProperties) = preSolution
		HideSolutionNode = FALSE
	EndGlobalSection
	GlobalSection(ExtensibilityGlobals) = postSolution
		SolutionGuid = {BDE1BEED-E14F-4C5A-BF45-EE18ED5F23AC}
	EndGlobalSection
EndGlobal
